
Microsoft Visual Studio Solution File, Format Version 12.00
# Visual Studio Version 17
VisualStudioVersion = 17.8.34309.116
MinimumVisualStudioVersion = 10.0.40219.1
Project("{8BC9CEB8-8B4A-11D0-8D11-00A0C91BC942}") = "2024_3_4", "2024_3_4\2024_3_4.vcxproj", "{3430C421-F912-4D71-845D-2FDCCDDAE868}"
EndProject
Global
	GlobalSection(SolutionConfigurationPlatforms) = preSolution
		Debug|x64 = Debug|x64
		Debug|x86 = Debug|x86
		Release|x64 = Release|x64
		Release|x86 = Release|x86
	EndGlobalSection
	GlobalSection(ProjectConfigurationPlatforms) = postSolution
		{3430C421-F912-4D71-845D-2FDCCDDAE868}.Debug|x64.ActiveCfg = Debug|x64
		{3430C421-F912-4D71-845D-2FDCCDDAE868}.Debug|x64.Build.0 = Debug|x64
		{3430C421-F912-4D71-845D-2FDCCDDAE868}.Debug|x86.ActiveCfg = Debug|Win32
		{3430C421-F912-4D71-845D-2FDCCDDAE868}.Debug|x86.Build.0 = Debug|Win32
		{3430C421-F912-4D71-845D-2FDCCDDAE868}.Release|x64.ActiveCfg = Release|x64
		{3430C421-F912-4D71-845D-2FDCCDDAE868}.Release|x64.Build.0 = Release|x64
		{3430C421-F912-4D71-845D-2FDCCDDAE868}.Release|x86.ActiveCfg = Release|Win32
		{3430C421-F912-4D71-845D-2FDCCDDAE868}.Release|x86.Build.0 = Release|Win32
	EndGlobalSection
	GlobalSection(SolutionProperties) = preSolution
		HideSolutionNode = FALSE
	EndGlobalSection
	GlobalSection(ExtensibilityGlobals) = postSolution
		SolutionGuid = {ACDEF24B-F198-4010-A078-928594E0EB86}
	EndGlobalSection
EndGlobal
